
Microsoft Visual Studio Solution File, Format Version 12.00
# Visual Studio 2012
Project("{FAE04EC0-301F-11D3-BF4B-00C04F79EFBC}") = "Optinuity.TaskManager.UI", "Optinuity.TaskManager.UI\Optinuity.TaskManager.UI.csproj", "{ADBEF19E-4B6A-4B88-94E7-306FF4266786}"
EndProject
Project("{FAE04EC0-301F-11D3-BF4B-00C04F79EFBC}") = "Optinuity.TaskManager", "Optinuity.TaskManager\Optinuity.TaskManager.csproj", "{AECF75C4-330D-4E52-BE31-8045110F789D}"
EndProject
Global
	GlobalSection(TeamFoundationVersionControl) = preSolution
		SccNumberOfProjects = 3
		SccEnterpriseProvider = {4CA58AB2-18FA-4F8D-95D4-32DDF27D184C}
		SccTeamFoundationServer = http://mbamk-tfs1:8080/tfs/development
		SccLocalPath0 = .
		SccProjectUniqueName1 = Optinuity.TaskManager.UI\\Optinuity.TaskManager.UI.csproj
		SccProjectName1 = Optinuity.TaskManager.UI
		SccLocalPath1 = Optinuity.TaskManager.UI
		SccProjectUniqueName2 = Optinuity.TaskManager\\Optinuity.TaskManager.csproj
		SccProjectName2 = Optinuity.TaskManager
		SccLocalPath2 = Optinuity.TaskManager
	EndGlobalSection
	GlobalSection(SolutionConfigurationPlatforms) = preSolution
		Debug|Any CPU = Debug|Any CPU
		Development|Any CPU = Development|Any CPU
		Production|Any CPU = Production|Any CPU
		Release|Any CPU = Release|Any CPU
		Test|Any CPU = Test|Any CPU
	EndGlobalSection
	GlobalSection(ProjectConfigurationPlatforms) = postSolution
		{ADBEF19E-4B6A-4B88-94E7-306FF4266786}.Debug|Any CPU.ActiveCfg = Debug|Any CPU
		{ADBEF19E-4B6A-4B88-94E7-306FF4266786}.Debug|Any CPU.Build.0 = Debug|Any CPU
		{ADBEF19E-4B6A-4B88-94E7-306FF4266786}.Development|Any CPU.ActiveCfg = Development|Any CPU
		{ADBEF19E-4B6A-4B88-94E7-306FF4266786}.Development|Any CPU.Build.0 = Development|Any CPU
		{ADBEF19E-4B6A-4B88-94E7-306FF4266786}.Production|Any CPU.ActiveCfg = Production|Any CPU
		{ADBEF19E-4B6A-4B88-94E7-306FF4266786}.Production|Any CPU.Build.0 = Production|Any CPU
		{ADBEF19E-4B6A-4B88-94E7-306FF4266786}.Release|Any CPU.ActiveCfg = Release|Any CPU
		{ADBEF19E-4B6A-4B88-94E7-306FF4266786}.Release|Any CPU.Build.0 = Release|Any CPU
		{ADBEF19E-4B6A-4B88-94E7-306FF4266786}.Test|Any CPU.ActiveCfg = Test|Any CPU
		{ADBEF19E-4B6A-4B88-94E7-306FF4266786}.Test|Any CPU.Build.0 = Test|Any CPU
		{AECF75C4-330D-4E52-BE31-8045110F789D}.Debug|Any CPU.ActiveCfg = Debug|Any CPU
		{AECF75C4-330D-4E52-BE31-8045110F789D}.Debug|Any CPU.Build.0 = Debug|Any CPU
		{AECF75C4-330D-4E52-BE31-8045110F789D}.Development|Any CPU.ActiveCfg = Development|Any CPU
		{AECF75C4-330D-4E52-BE31-8045110F789D}.Development|Any CPU.Build.0 = Development|Any CPU
		{AECF75C4-330D-4E52-BE31-8045110F789D}.Production|Any CPU.ActiveCfg = Production|Any CPU
		{AECF75C4-330D-4E52-BE31-8045110F789D}.Production|Any CPU.Build.0 = Production|Any CPU
		{AECF75C4-330D-4E52-BE31-8045110F789D}.Release|Any CPU.ActiveCfg = Release|Any CPU
		{AECF75C4-330D-4E52-BE31-8045110F789D}.Release|Any CPU.Build.0 = Release|Any CPU
		{AECF75C4-330D-4E52-BE31-8045110F789D}.Test|Any CPU.ActiveCfg = Test|Any CPU
		{AECF75C4-330D-4E52-BE31-8045110F789D}.Test|Any CPU.Build.0 = Test|Any CPU
	EndGlobalSection
	GlobalSection(SolutionProperties) = preSolution
		HideSolutionNode = FALSE
	EndGlobalSection
EndGlobal
