
Microsoft Visual Studio Solution File, Format Version 12.00
# Visual Studio 2013
VisualStudioVersion = 12.0.40629.0
MinimumVisualStudioVersion = 10.0.40219.1
Project("{FAE04EC0-301F-11D3-BF4B-00C04F79EFBC}") = "TaskManager", "TaskManager\TaskManager.csproj", "{C180C858-1EDD-43BC-9247-FBA98BF12E9F}"
EndProject
Project("{FAE04EC0-301F-11D3-BF4B-00C04F79EFBC}") = "TaskManagerConsoleApplication", "TaskManagerConsoleApplication\TaskManagerConsoleApplication.csproj", "{B60939DF-8E2C-45B0-9FB1-A0629F159F47}"
EndProject
Global
	GlobalSection(TeamFoundationVersionControl) = preSolution
		SccNumberOfProjects = 3
		SccEnterpriseProvider = {4CA58AB2-18FA-4F8D-95D4-32DDF27D184C}
		SccTeamFoundationServer = http://mbamk-tfs1:8080/tfs/development
		SccLocalPath0 = .
		SccProjectUniqueName1 = TaskManager\\TaskManager.csproj
		SccProjectName1 = TaskManager
		SccLocalPath1 = TaskManager
		SccProjectUniqueName2 = TaskManagerConsoleApplication\\TaskManagerConsoleApplication.csproj
		SccProjectName2 = TaskManagerConsoleApplication
		SccLocalPath2 = TaskManagerConsoleApplication
	EndGlobalSection
	GlobalSection(SolutionConfigurationPlatforms) = preSolution
		Debug|Any CPU = Debug|Any CPU
		Release|Any CPU = Release|Any CPU
	EndGlobalSection
	GlobalSection(ProjectConfigurationPlatforms) = postSolution
		{C180C858-1EDD-43BC-9247-FBA98BF12E9F}.Debug|Any CPU.ActiveCfg = Debug|Any CPU
		{C180C858-1EDD-43BC-9247-FBA98BF12E9F}.Debug|Any CPU.Build.0 = Debug|Any CPU
		{C180C858-1EDD-43BC-9247-FBA98BF12E9F}.Release|Any CPU.ActiveCfg = Release|Any CPU
		{C180C858-1EDD-43BC-9247-FBA98BF12E9F}.Release|Any CPU.Build.0 = Release|Any CPU
		{B60939DF-8E2C-45B0-9FB1-A0629F159F47}.Debug|Any CPU.ActiveCfg = Debug|Any CPU
		{B60939DF-8E2C-45B0-9FB1-A0629F159F47}.Debug|Any CPU.Build.0 = Debug|Any CPU
		{B60939DF-8E2C-45B0-9FB1-A0629F159F47}.Release|Any CPU.ActiveCfg = Release|Any CPU
		{B60939DF-8E2C-45B0-9FB1-A0629F159F47}.Release|Any CPU.Build.0 = Release|Any CPU
	EndGlobalSection
	GlobalSection(SolutionProperties) = preSolution
		HideSolutionNode = FALSE
	EndGlobalSection
EndGlobal
